// !$*UTF8*$!
{
	archiveVersion = 1;
	classes = {
	};
	objectVersion = 48;
	objects = {

/* Begin PBXBuildFile section */
		56BDFF9920577D17005756F0 /* AppDelegate.swift in Sources */ = {isa = PBXBuildFile; fileRef = 56BDFF9820577D17005756F0 /* AppDelegate.swift */; };
		56BDFF9B20577D17005756F0 /* ViewController.swift in Sources */ = {isa = PBXBuildFile; fileRef = 56BDFF9A20577D17005756F0 /* ViewController.swift */; };
		56BDFF9E20577D17005756F0 /* Main.storyboard in Resources */ = {isa = PBXBuildFile; fileRef = 56BDFF9C20577D17005756F0 /* Main.storyboard */; };
		56BDFFA120577D17005756F0 /* TestNum.xcdatamodeld in Sources */ = {isa = PBXBuildFile; fileRef = 56BDFF9F20577D17005756F0 /* TestNum.xcdatamodeld */; };
		56BDFFA320577D17005756F0 /* Assets.xcassets in Resources */ = {isa = PBXBuildFile; fileRef = 56BDFFA220577D17005756F0 /* Assets.xcassets */; };
		56BDFFA620577D17005756F0 /* LaunchScreen.storyboard in Resources */ = {isa = PBXBuildFile; fileRef = 56BDFFA420577D17005756F0 /* LaunchScreen.storyboard */; };
		56BDFFB120577D17005756F0 /* TestNumTests.swift in Sources */ = {isa = PBXBuildFile; fileRef = 56BDFFB020577D17005756F0 /* TestNumTests.swift */; };
		56BDFFBC20577D17005756F0 /* TestNumUITests.swift in Sources */ = {isa = PBXBuildFile; fileRef = 56BDFFBB20577D17005756F0 /* TestNumUITests.swift */; };
		56BDFFCA20577D6F005756F0 /* XLDigitalAnimationView.swift in Sources */ = {isa = PBXBuildFile; fileRef = 56BDFFC920577D6F005756F0 /* XLDigitalAnimationView.swift */; };
		56BDFFCC2057A497005756F0 /* XLMultiDigitalAnimationView.swift in Sources */ = {isa = PBXBuildFile; fileRef = 56BDFFCB2057A497005756F0 /* XLMultiDigitalAnimationView.swift */; };
/* End PBXBuildFile section */

/* Begin PBXContainerItemProxy section */
		56BDFFAD20577D17005756F0 /* PBXContainerItemProxy */ = {
			isa = PBXContainerItemProxy;
			containerPortal = 56BDFF8D20577D17005756F0 /* Project object */;
			proxyType = 1;
			remoteGlobalIDString = 56BDFF9420577D17005756F0;
			remoteInfo = TestNum;
		};
		56BDFFB820577D17005756F0 /* PBXContainerItemProxy */ = {
			isa = PBXContainerItemProxy;
			containerPortal = 56BDFF8D20577D17005756F0 /* Project object */;
			proxyType = 1;
			remoteGlobalIDString = 56BDFF9420577D17005756F0;
			remoteInfo = TestNum;
		};
/* End PBXContainerItemProxy section */

/* Begin PBXFileReference section */
		56BDFF9520577D17005756F0 /* TestNum.app */ = {isa = PBXFileReference; explicitFileType = wrapper.application; includeInIndex = 0; path = TestNum.app; sourceTree = BUILT_PRODUCTS_DIR; };
		56BDFF9820577D17005756F0 /* AppDelegate.swift */ = {isa = PBXFileReference; lastKnownFileType = sourcecode.swift; path = AppDelegate.swift; sourceTree = "<group>"; };
		56BDFF9A20577D17005756F0 /* ViewController.swift */ = {isa = PBXFileReference; lastKnownFileType = sourcecode.swift; path = ViewController.swift; sourceTree = "<group>"; };
		56BDFF9D20577D17005756F0 /* Base */ = {isa = PBXFileReference; lastKnownFileType = file.storyboard; name = Base; path = Base.lproj/Main.storyboard; sourceTree = "<group>"; };
		56BDFFA020577D17005756F0 /* TestNum.xcdatamodel */ = {isa = PBXFileReference; lastKnownFileType = wrapper.xcdatamodel; path = TestNum.xcdatamodel; sourceTree = "<group>"; };
		56BDFFA220577D17005756F0 /* Assets.xcassets */ = {isa = PBXFileReference; lastKnownFileType = folder.assetcatalog; path = Assets.xcassets; sourceTree = "<group>"; };
		56BDFFA520577D17005756F0 /* Base */ = {isa = PBXFileReference; lastKnownFileType = file.storyboard; name = Base; path = Base.lproj/LaunchScreen.storyboard; sourceTree = "<group>"; };
		56BDFFA720577D17005756F0 /* Info.plist */ = {isa = PBXFileReference; lastKnownFileType = text.plist.xml; path = Info.plist; sourceTree = "<group>"; };
		56BDFFAC20577D17005756F0 /* TestNumTests.xctest */ = {isa = PBXFileReference; explicitFileType = wrapper.cfbundle; includeInIndex = 0; path = TestNumTests.xctest; sourceTree = BUILT_PRODUCTS_DIR; };
		56BDFFB020577D17005756F0 /* TestNumTests.swift */ = {isa = PBXFileReference; lastKnownFileType = sourcecode.swift; path = TestNumTests.swift; sourceTree = "<group>"; };
		56BDFFB220577D17005756F0 /* Info.plist */ = {isa = PBXFileReference; lastKnownFileType = text.plist.xml; path = Info.plist; sourceTree = "<group>"; };
		56BDFFB720577D17005756F0 /* TestNumUITests.xctest */ = {isa = PBXFileReference; explicitFileType = wrapper.cfbundle; includeInIndex = 0; path = TestNumUITests.xctest; sourceTree = BUILT_PRODUCTS_DIR; };
		56BDFFBB20577D17005756F0 /* TestNumUITests.swift */ = {isa = PBXFileReference; lastKnownFileType = sourcecode.swift; path = TestNumUITests.swift; sourceTree = "<group>"; };
		56BDFFBD20577D17005756F0 /* Info.plist */ = {isa = PBXFileReference; lastKnownFileType = text.plist.xml; path = Info.plist; sourceTree = "<group>"; };
		56BDFFC920577D6F005756F0 /* XLDigitalAnimationView.swift */ = {isa = PBXFileReference; lastKnownFileType = sourcecode.swift; path = XLDigitalAnimationView.swift; sourceTree = "<group>"; };
		56BDFFCB2057A497005756F0 /* XLMultiDigitalAnimationView.swift */ = {isa = PBXFileReference; lastKnownFileType = sourcecode.swift; path = XLMultiDigitalAnimationView.swift; sourceTree = "<group>"; };
/* End PBXFileReference section */

/* Begin PBXFrameworksBuildPhase section */
		56BDFF9220577D17005756F0 /* Frameworks */ = {
			isa = PBXFrameworksBuildPhase;
			buildActionMask = 2147483647;
			files = (
			);
			runOnlyForDeploymentPostprocessing = 0;
		};
		56BDFFA920577D17005756F0 /* Frameworks */ = {
			isa = PBXFrameworksBuildPhase;
			buildActionMask = 2147483647;
			files = (
			);
			runOnlyForDeploymentPostprocessing = 0;
		};
		56BDFFB420577D17005756F0 /* Frameworks */ = {
			isa = PBXFrameworksBuildPhase;
			buildActionMask = 2147483647;
			files = (
			);
			runOnlyForDeploymentPostprocessing = 0;
		};
/* End PBXFrameworksBuildPhase section */

/* Begin PBXGroup section */
		56BDFF8C20577D17005756F0 = {
			isa = PBXGroup;
			children = (
				56BDFF9720577D17005756F0 /* TestNum */,
				56BDFFAF20577D17005756F0 /* TestNumTests */,
				56BDFFBA20577D17005756F0 /* TestNumUITests */,
				56BDFF9620577D17005756F0 /* Products */,
			);
			sourceTree = "<group>";
		};
		56BDFF9620577D17005756F0 /* Products */ = {
			isa = PBXGroup;
			children = (
				56BDFF9520577D17005756F0 /* TestNum.app */,
				56BDFFAC20577D17005756F0 /* TestNumTests.xctest */,
				56BDFFB720577D17005756F0 /* TestNumUITests.xctest */,
			);
			name = Products;
			sourceTree = "<group>";
		};
		56BDFF9720577D17005756F0 /* TestNum */ = {
			isa = PBXGroup;
			children = (
				56BDFF9820577D17005756F0 /* AppDelegate.swift */,
				56BDFF9A20577D17005756F0 /* ViewController.swift */,
				56BDFFC920577D6F005756F0 /* XLDigitalAnimationView.swift */,
				56BDFFCB2057A497005756F0 /* XLMultiDigitalAnimationView.swift */,
				56BDFF9C20577D17005756F0 /* Main.storyboard */,
				56BDFFA220577D17005756F0 /* Assets.xcassets */,
				56BDFFA420577D17005756F0 /* LaunchScreen.storyboard */,
				56BDFFA720577D17005756F0 /* Info.plist */,
				56BDFF9F20577D17005756F0 /* TestNum.xcdatamodeld */,
			);
			path = TestNum;
			sourceTree = "<group>";
		};
		56BDFFAF20577D17005756F0 /* TestNumTests */ = {
			isa = PBXGroup;
			children = (
				56BDFFB020577D17005756F0 /* TestNumTests.swift */,
				56BDFFB220577D17005756F0 /* Info.plist */,
			);
			path = TestNumTests;
			sourceTree = "<group>";
		};
		56BDFFBA20577D17005756F0 /* TestNumUITests */ = {
			isa = PBXGroup;
			children = (
				56BDFFBB20577D17005756F0 /* TestNumUITests.swift */,
				56BDFFBD20577D17005756F0 /* Info.plist */,
			);
			path = TestNumUITests;
			sourceTree = "<group>";
		};
/* End PBXGroup section */

/* Begin PBXNativeTarget section */
		56BDFF9420577D17005756F0 /* TestNum */ = {
			isa = PBXNativeTarget;
			buildConfigurationList = 56BDFFC020577D17005756F0 /* Build configuration list for PBXNativeTarget "TestNum" */;
			buildPhases = (
				56BDFF9120577D17005756F0 /* Sources */,
				56BDFF9220577D17005756F0 /* Frameworks */,
				56BDFF9320577D17005756F0 /* Resources */,
			);
			buildRules = (
			);
			dependencies = (
			);
			name = TestNum;
			productName = TestNum;
			productReference = 56BDFF9520577D17005756F0 /* TestNum.app */;
			productType = "com.apple.product-type.application";
		};
		56BDFFAB20577D17005756F0 /* TestNumTests */ = {
			isa = PBXNativeTarget;
			buildConfigurationList = 56BDFFC320577D17005756F0 /* Build configuration list for PBXNativeTarget "TestNumTests" */;
			buildPhases = (
				56BDFFA820577D17005756F0 /* Sources */,
				56BDFFA920577D17005756F0 /* Frameworks */,
				56BDFFAA20577D17005756F0 /* Resources */,
			);
			buildRules = (
			);
			dependencies = (
				56BDFFAE20577D17005756F0 /* PBXTargetDependency */,
			);
			name = TestNumTests;
			productName = TestNumTests;
			productReference = 56BDFFAC20577D17005756F0 /* TestNumTests.xctest */;
			productType = "com.apple.product-type.bundle.unit-test";
		};
		56BDFFB620577D17005756F0 /* TestNumUITests */ = {
			isa = PBXNativeTarget;
			buildConfigurationList = 56BDFFC620577D17005756F0 /* Build configuration list for PBXNativeTarget "TestNumUITests" */;
			buildPhases = (
				56BDFFB320577D17005756F0 /* Sources */,
				56BDFFB420577D17005756F0 /* Frameworks */,
				56BDFFB520577D17005756F0 /* Resources */,
			);
			buildRules = (
			);
			dependencies = (
				56BDFFB920577D17005756F0 /* PBXTargetDependency */,
			);
			name = TestNumUITests;
			productName = TestNumUITests;
			productReference = 56BDFFB720577D17005756F0 /* TestNumUITests.xctest */;
			productType = "com.apple.product-type.bundle.ui-testing";
		};
/* End PBXNativeTarget section */

/* Begin PBXProject section */
		56BDFF8D20577D17005756F0 /* Project object */ = {
			isa = PBXProject;
			attributes = {
				LastSwiftUpdateCheck = 0920;
				LastUpgradeCheck = 0920;
				ORGANIZATIONNAME = ZLGB;
				TargetAttributes = {
					56BDFF9420577D17005756F0 = {
						CreatedOnToolsVersion = 9.2;
						ProvisioningStyle = Automatic;
					};
					56BDFFAB20577D17005756F0 = {
						CreatedOnToolsVersion = 9.2;
						ProvisioningStyle = Automatic;
						TestTargetID = 56BDFF9420577D17005756F0;
					};
					56BDFFB620577D17005756F0 = {
						CreatedOnToolsVersion = 9.2;
						ProvisioningStyle = Automatic;
						TestTargetID = 56BDFF9420577D17005756F0;
					};
				};
			};
			buildConfigurationList = 56BDFF9020577D17005756F0 /* Build configuration list for PBXProject "TestNum" */;
			compatibilityVersion = "Xcode 8.0";
			developmentRegion = en;
			hasScannedForEncodings = 0;
			knownRegions = (
				en,
				Base,
			);
			mainGroup = 56BDFF8C20577D17005756F0;
			productRefGroup = 56BDFF9620577D17005756F0 /* Products */;
			projectDirPath = "";
			projectRoot = "";
			targets = (
				56BDFF9420577D17005756F0 /* TestNum */,
				56BDFFAB20577D17005756F0 /* TestNumTests */,
				56BDFFB620577D17005756F0 /* TestNumUITests */,
			);
		};
/* End PBXProject section */

/* Begin PBXResourcesBuildPhase section */
		56BDFF9320577D17005756F0 /* Resources */ = {
			isa = PBXResourcesBuildPhase;
			buildActionMask = 2147483647;
			files = (
				56BDFFA620577D17005756F0 /* LaunchScreen.storyboard in Resources */,
				56BDFFA320577D17005756F0 /* Assets.xcassets in Resources */,
				56BDFF9E20577D17005756F0 /* Main.storyboard in Resources */,
			);
			runOnlyForDeploymentPostprocessing = 0;
		};
		56BDFFAA20577D17005756F0 /* Resources */ = {
			isa = PBXResourcesBuildPhase;
			buildActionMask = 2147483647;
			files = (
			);
			runOnlyForDeploymentPostprocessing = 0;
		};
		56BDFFB520577D17005756F0 /* Resources */ = {
			isa = PBXResourcesBuildPhase;
			buildActionMask = 2147483647;
			files = (
			);
			runOnlyForDeploymentPostprocessing = 0;
		};
/* End PBXResourcesBuildPhase section */

/* Begin PBXSourcesBuildPhase section */
		56BDFF9120577D17005756F0 /* Sources */ = {
			isa = PBXSourcesBuildPhase;
			buildActionMask = 2147483647;
			files = (
				56BDFFCC2057A497005756F0 /* XLMultiDigitalAnimationView.swift in Sources */,
				56BDFFCA20577D6F005756F0 /* XLDigitalAnimationView.swift in Sources */,
				56BDFF9B20577D17005756F0 /* ViewController.swift in Sources */,
				56BDFF9920577D17005756F0 /* AppDelegate.swift in Sources */,
				56BDFFA120577D17005756F0 /* TestNum.xcdatamodeld in Sources */,
			);
			runOnlyForDeploymentPostprocessing = 0;
		};
		56BDFFA820577D17005756F0 /* Sources */ = {
			isa = PBXSourcesBuildPhase;
			buildActionMask = 2147483647;
			files = (
				56BDFFB120577D17005756F0 /* TestNumTests.swift in Sources */,
			);
			runOnlyForDeploymentPostprocessing = 0;
		};
		56BDFFB320577D17005756F0 /* Sources */ = {
			isa = PBXSourcesBuildPhase;
			buildActionMask = 2147483647;
			files = (
				56BDFFBC20577D17005756F0 /* TestNumUITests.swift in Sources */,
			);
			runOnlyForDeploymentPostprocessing = 0;
		};
/* End PBXSourcesBuildPhase section */

/* Begin PBXTargetDependency section */
		56BDFFAE20577D17005756F0 /* PBXTargetDependency */ = {
			isa = PBXTargetDependency;
			target = 56BDFF9420577D17005756F0 /* TestNum */;
			targetProxy = 56BDFFAD20577D17005756F0 /* PBXContainerItemProxy */;
		};
		56BDFFB920577D17005756F0 /* PBXTargetDependency */ = {
			isa = PBXTargetDependency;
			target = 56BDFF9420577D17005756F0 /* TestNum */;
			targetProxy = 56BDFFB820577D17005756F0 /* PBXContainerItemProxy */;
		};
/* End PBXTargetDependency section */

/* Begin PBXVariantGroup section */
		56BDFF9C20577D17005756F0 /* Main.storyboard */ = {
			isa = PBXVariantGroup;
			children = (
				56BDFF9D20577D17005756F0 /* Base */,
			);
			name = Main.storyboard;
			sourceTree = "<group>";
		};
		56BDFFA420577D17005756F0 /* LaunchScreen.storyboard */ = {
			isa = PBXVariantGroup;
			children = (
				56BDFFA520577D17005756F0 /* Base */,
			);
			name = LaunchScreen.storyboard;
			sourceTree = "<group>";
		};
/* End PBXVariantGroup section */

/* Begin XCBuildConfiguration section */
		56BDFFBE20577D17005756F0 /* Debug */ = {
			isa = XCBuildConfiguration;
			buildSettings = {
				ALWAYS_SEARCH_USER_PATHS = NO;
				CLANG_ANALYZER_NONNULL = YES;
				CLANG_ANALYZER_NUMBER_OBJECT_CONVERSION = YES_AGGRESSIVE;
				CLANG_CXX_LANGUAGE_STANDARD = "gnu++14";
				CLANG_CXX_LIBRARY = "libc++";
				CLANG_ENABLE_MODULES = YES;
				CLANG_ENABLE_OBJC_ARC = YES;
				CLANG_WARN_BLOCK_CAPTURE_AUTORELEASING = YES;
				CLANG_WARN_BOOL_CONVERSION = YES;
				CLANG_WARN_COMMA = YES;
				CLANG_WARN_CONSTANT_CONVERSION = YES;
				CLANG_WARN_DIRECT_OBJC_ISA_USAGE = YES_ERROR;
				CLANG_WARN_DOCUMENTATION_COMMENTS = YES;
				CLANG_WARN_EMPTY_BODY = YES;
				CLANG_WARN_ENUM_CONVERSION = YES;
				CLANG_WARN_INFINITE_RECURSION = YES;
				CLANG_WARN_INT_CONVERSION = YES;
				CLANG_WARN_NON_LITERAL_NULL_CONVERSION = YES;
				CLANG_WARN_OBJC_LITERAL_CONVERSION = YES;
				CLANG_WARN_OBJC_ROOT_CLASS = YES_ERROR;
				CLANG_WARN_RANGE_LOOP_ANALYSIS = YES;
				CLANG_WARN_STRICT_PROTOTYPES = YES;
				CLANG_WARN_SUSPICIOUS_MOVE = YES;
				CLANG_WARN_UNGUARDED_AVAILABILITY = YES_AGGRESSIVE;
				CLANG_WARN_UNREACHABLE_CODE = YES;
				CLANG_WARN__DUPLICATE_METHOD_MATCH = YES;
				CODE_SIGN_IDENTITY = "iPhone Developer";
				COPY_PHASE_STRIP = NO;
				DEBUG_INFORMATION_FORMAT = dwarf;
				ENABLE_STRICT_OBJC_MSGSEND = YES;
				ENABLE_TESTABILITY = YES;
				GCC_C_LANGUAGE_STANDARD = gnu11;
				GCC_DYNAMIC_NO_PIC = NO;
				GCC_NO_COMMON_BLOCKS = YES;
				GCC_OPTIMIZATION_LEVEL = 0;
				GCC_PREPROCESSOR_DEFINITIONS = (
					"DEBUG=1",
					"$(inherited)",
				);
				GCC_WARN_64_TO_32_BIT_CONVERSION = YES;
				GCC_WARN_ABOUT_RETURN_TYPE = YES_ERROR;
				GCC_WARN_UNDECLARED_SELECTOR = YES;
				GCC_WARN_UNINITIALIZED_AUTOS = YES_AGGRESSIVE;
				GCC_WARN_UNUSED_FUNCTION = YES;
				GCC_WARN_UNUSED_VARIABLE = YES;
				IPHONEOS_DEPLOYMENT_TARGET = 11.2;
				MTL_ENABLE_DEBUG_INFO = YES;
				ONLY_ACTIVE_ARCH = YES;
				SDKROOT = iphoneos;
				SWIFT_ACTIVE_COMPILATION_CONDITIONS = DEBUG;
				SWIFT_OPTIMIZATION_LEVEL = "-Onone";
			};
			name = Debug;
		};
		56BDFFBF20577D17005756F0 /* Release */ = {
			isa = XCBuildConfiguration;
			buildSettings = {
				ALWAYS_SEARCH_USER_PATHS = NO;
				CLANG_ANALYZER_NONNULL = YES;
				CLANG_ANALYZER_NUMBER_OBJECT_CONVERSION = YES_AGGRESSIVE;
				CLANG_CXX_LANGUAGE_STANDARD = "gnu++14";
				CLANG_CXX_LIBRARY = "libc++";
				CLANG_ENABLE_MODULES = YES;
				CLANG_ENABLE_OBJC_ARC = YES;
				CLANG_WARN_BLOCK_CAPTURE_AUTORELEASING = YES;
				CLANG_WARN_BOOL_CONVERSION = YES;
				CLANG_WARN_COMMA = YES;
				CLANG_WARN_CONSTANT_CONVERSION = YES;
				CLANG_WARN_DIRECT_OBJC_ISA_USAGE = YES_ERROR;
				CLANG_WARN_DOCUMENTATION_COMMENTS = YES;
				CLANG_WARN_EMPTY_BODY = YES;
				CLANG_WARN_ENUM_CONVERSION = YES;
				CLANG_WARN_INFINITE_RECURSION = YES;
				CLANG_WARN_INT_CONVERSION = YES;
				CLANG_WARN_NON_LITERAL_NULL_CONVERSION = YES;
				CLANG_WARN_OBJC_LITERAL_CONVERSION = YES;
				CLANG_WARN_OBJC_ROOT_CLASS = YES_ERROR;
				CLANG_WARN_RANGE_LOOP_ANALYSIS = YES;
				CLANG_WARN_STRICT_PROTOTYPES = YES;
				CLANG_WARN_SUSPICIOUS_MOVE = YES;
				CLANG_WARN_UNGUARDED_AVAILABILITY = YES_AGGRESSIVE;
				CLANG_WARN_UNREACHABLE_CODE = YES;
				CLANG_WARN__DUPLICATE_METHOD_MATCH = YES;
				CODE_SIGN_IDENTITY = "iPhone Developer";
				COPY_PHASE_STRIP = NO;
				DEBUG_INFORMATION_FORMAT = "dwarf-with-dsym";
				ENABLE_NS_ASSERTIONS = NO;
				ENABLE_STRICT_OBJC_MSGSEND = YES;
				GCC_C_LANGUAGE_STANDARD = gnu11;
				GCC_NO_COMMON_BLOCKS = YES;
				GCC_WARN_64_TO_32_BIT_CONVERSION = YES;
				GCC_WARN_ABOUT_RETURN_TYPE = YES_ERROR;
				GCC_WARN_UNDECLARED_SELECTOR = YES;
				GCC_WARN_UNINITIALIZED_AUTOS = YES_AGGRESSIVE;
				GCC_WARN_UNUSED_FUNCTION = YES;
				GCC_WARN_UNUSED_VARIABLE = YES;
				IPHONEOS_DEPLOYMENT_TARGET = 11.2;
				MTL_ENABLE_DEBUG_INFO = NO;
				SDKROOT = iphoneos;
				SWIFT_OPTIMIZATION_LEVEL = "-Owholemodule";
				VALIDATE_PRODUCT = YES;
			};
			name = Release;
		};
		56BDFFC120577D17005756F0 /* Debug */ = {
			isa = XCBuildConfiguration;
			buildSettings = {
				ASSETCATALOG_COMPILER_APPICON_NAME = AppIcon;
				CODE_SIGN_STYLE = Automatic;
				INFOPLIST_FILE = TestNum/Info.plist;
				LD_RUNPATH_SEARCH_PATHS = "$(inherited) @executable_path/Frameworks";
				PRODUCT_BUNDLE_IDENTIFIER = com.xl.TestNum;
				PRODUCT_NAME = "$(TARGET_NAME)";
				SWIFT_VERSION = 4.0;
				TARGETED_DEVICE_FAMILY = "1,2";
			};
			name = Debug;
		};
		56BDFFC220577D17005756F0 /* Release */ = {
			isa = XCBuildConfiguration;
			buildSettings = {
				ASSETCATALOG_COMPILER_APPICON_NAME = AppIcon;
				CODE_SIGN_STYLE = Automatic;
				INFOPLIST_FILE = TestNum/Info.plist;
				LD_RUNPATH_SEARCH_PATHS = "$(inherited) @executable_path/Frameworks";
				PRODUCT_BUNDLE_IDENTIFIER = com.xl.TestNum;
				PRODUCT_NAME = "$(TARGET_NAME)";
				SWIFT_VERSION = 4.0;
				TARGETED_DEVICE_FAMILY = "1,2";
			};
			name = Release;
		};
		56BDFFC420577D17005756F0 /* Debug */ = {
			isa = XCBuildConfiguration;
			buildSettings = {
				ALWAYS_EMBED_SWIFT_STANDARD_LIBRARIES = YES;
				BUNDLE_LOADER = "$(TEST_HOST)";
				CODE_SIGN_STYLE = Automatic;
				INFOPLIST_FILE = TestNumTests/Info.plist;
				LD_RUNPATH_SEARCH_PATHS = "$(inherited) @executable_path/Frameworks @loader_path/Frameworks";
				PRODUCT_BUNDLE_IDENTIFIER = com.xl.TestNumTests;
				PRODUCT_NAME = "$(TARGET_NAME)";
				SWIFT_VERSION = 4.0;
				TARGETED_DEVICE_FAMILY = "1,2";
				TEST_HOST = "$(BUILT_PRODUCTS_DIR)/TestNum.app/TestNum";
			};
			name = Debug;
		};
		56BDFFC520577D17005756F0 /* Release */ = {
			isa = XCBuildConfiguration;
			buildSettings = {
				ALWAYS_EMBED_SWIFT_STANDARD_LIBRARIES = YES;
				BUNDLE_LOADER = "$(TEST_HOST)";
				CODE_SIGN_STYLE = Automatic;
				INFOPLIST_FILE = TestNumTests/Info.plist;
				LD_RUNPATH_SEARCH_PATHS = "$(inherited) @executable_path/Frameworks @loader_path/Frameworks";
				PRODUCT_BUNDLE_IDENTIFIER = com.xl.TestNumTests;
				PRODUCT_NAME = "$(TARGET_NAME)";
				SWIFT_VERSION = 4.0;
				TARGETED_DEVICE_FAMILY = "1,2";
				TEST_HOST = "$(BUILT_PRODUCTS_DIR)/TestNum.app/TestNum";
			};
			name = Release;
		};
		56BDFFC720577D17005756F0 /* Debug */ = {
			isa = XCBuildConfiguration;
			buildSettings = {
				ALWAYS_EMBED_SWIFT_STANDARD_LIBRARIES = YES;
				CODE_SIGN_STYLE = Automatic;
				INFOPLIST_FILE = TestNumUITests/Info.plist;
				LD_RUNPATH_SEARCH_PATHS = "$(inherited) @executable_path/Frameworks @loader_path/Frameworks";
				PRODUCT_BUNDLE_IDENTIFIER = com.xl.TestNumUITests;
				PRODUCT_NAME = "$(TARGET_NAME)";
				SWIFT_VERSION = 4.0;
				TARGETED_DEVICE_FAMILY = "1,2";
				TEST_TARGET_NAME = TestNum;
			};
			name = Debug;
		};
		56BDFFC820577D17005756F0 /* Release */ = {
			isa = XCBuildConfiguration;
			buildSettings = {
				ALWAYS_EMBED_SWIFT_STANDARD_LIBRARIES = YES;
				CODE_SIGN_STYLE = Automatic;
				INFOPLIST_FILE = TestNumUITests/Info.plist;
				LD_RUNPATH_SEARCH_PATHS = "$(inherited) @executable_path/Frameworks @loader_path/Frameworks";
				PRODUCT_BUNDLE_IDENTIFIER = com.xl.TestNumUITests;
				PRODUCT_NAME = "$(TARGET_NAME)";
				SWIFT_VERSION = 4.0;
				TARGETED_DEVICE_FAMILY = "1,2";
				TEST_TARGET_NAME = TestNum;
			};
			name = Release;
		};
/* End XCBuildConfiguration section */

/* Begin XCConfigurationList section */
		56BDFF9020577D17005756F0 /* Build configuration list for PBXProject "TestNum" */ = {
			isa = XCConfigurationList;
			buildConfigurations = (
				56BDFFBE20577D17005756F0 /* Debug */,
				56BDFFBF20577D17005756F0 /* Release */,
			);
			defaultConfigurationIsVisible = 0;
			defaultConfigurationName = Release;
		};
		56BDFFC020577D17005756F0 /* Build configuration list for PBXNativeTarget "TestNum" */ = {
			isa = XCConfigurationList;
			buildConfigurations = (
				56BDFFC120577D17005756F0 /* Debug */,
				56BDFFC220577D17005756F0 /* Release */,
			);
			defaultConfigurationIsVisible = 0;
			defaultConfigurationName = Release;
		};
		56BDFFC320577D17005756F0 /* Build configuration list for PBXNativeTarget "TestNumTests" */ = {
			isa = XCConfigurationList;
			buildConfigurations = (
				56BDFFC420577D17005756F0 /* Debug */,
				56BDFFC520577D17005756F0 /* Release */,
			);
			defaultConfigurationIsVisible = 0;
			defaultConfigurationName = Release;
		};
		56BDFFC620577D17005756F0 /* Build configuration list for PBXNativeTarget "TestNumUITests" */ = {
			isa = XCConfigurationList;
			buildConfigurations = (
				56BDFFC720577D17005756F0 /* Debug */,
				56BDFFC820577D17005756F0 /* Release */,
			);
			defaultConfigurationIsVisible = 0;
			defaultConfigurationName = Release;
		};
/* End XCConfigurationList section */

/* Begin XCVersionGroup section */
		56BDFF9F20577D17005756F0 /* TestNum.xcdatamodeld */ = {
			isa = XCVersionGroup;
			children = (
				56BDFFA020577D17005756F0 /* TestNum.xcdatamodel */,
			);
			currentVersion = 56BDFFA020577D17005756F0 /* TestNum.xcdatamodel */;
			path = TestNum.xcdatamodeld;
			sourceTree = "<group>";
			versionGroupType = wrapper.xcdatamodel;
		};
/* End XCVersionGroup section */
	};
	rootObject = 56BDFF8D20577D17005756F0 /* Project object */;
}
